
Microsoft Visual Studio Solution File, Format Version 12.00
# Visual Studio Version 17
VisualStudioVersion = 17.14.36623.8 d17.14
MinimumVisualStudioVersion = 10.0.40219.1
Project("{FAE04EC0-301F-11D3-BF4B-00C04F79EFBC}") = "Inventario", "Inventario.csproj", "{BCDCEA2D-3881-438C-BD44-0260F1D0427E}"
EndProject
Global
	GlobalSection(SolutionConfigurationPlatforms) = preSolution
		Debug|Any CPU = Debug|Any CPU
		Release|Any CPU = Release|Any CPU
	EndGlobalSection
	GlobalSection(ProjectConfigurationPlatforms) = postSolution
		{BCDCEA2D-3881-438C-BD44-0260F1D0427E}.Debug|Any CPU.ActiveCfg = Debug|Any CPU
		{BCDCEA2D-3881-438C-BD44-0260F1D0427E}.Debug|Any CPU.Build.0 = Debug|Any CPU
		{BCDCEA2D-3881-438C-BD44-0260F1D0427E}.Release|Any CPU.ActiveCfg = Release|Any CPU
		{BCDCEA2D-3881-438C-BD44-0260F1D0427E}.Release|Any CPU.Build.0 = Release|Any CPU
	EndGlobalSection
	GlobalSection(SolutionProperties) = preSolution
		HideSolutionNode = FALSE
	EndGlobalSection
	GlobalSection(ExtensibilityGlobals) = postSolution
		SolutionGuid = {F4AE9AC9-7F09-49C9-8CC6-9A06153DAED8}
	EndGlobalSection
EndGlobal
